{
  "name": "test-pkg",
  "lockfileVersion": 3,
  "requires": true,
  "packages": {
    "": {
      "name": "test-pkg",
      "dependencies": {
        "@reejs/imports": "^2.12.1",
        "nekos-moe": "^0.6.2",
        "reejs": "^0.20.1"
      },
      "devDependencies": {
        "@types/node": "^20.14.10",
        "tsx": "^4.16.2",
        "typescript": "^5.5.3"
      }
    },
    "node_modules/@esbuild/win32-x64": {
      "version": "0.21.5",
      "cpu": [
        "x64"
      ],
      "dev": true,
      "license": "MIT",
      "optional": true,
      "os": [
        "win32"
      ],
      "engines": {
        "node": ">=12"
      }
    },
    "node_modules/@reejs/imports": {
      "version": "2.12.1",
      "license": "MIT",
      "dependencies": {
        "@reejs/utils": "latest"
      }
    },
    "node_modules/@reejs/server": {
      "version": "0.20.1",
      "license": "MIT"
    },
    "node_modules/@reejs/utils": {
      "version": "1.11.1",
      "resolved": "https://registry.npmjs.org/@reejs/utils/-/utils-1.11.1.tgz",
      "integrity": "sha512-4QuF5wAPexq3DIaYG1zDNDXSuoflvSMOaRwRQZBYMaRnnoulzWuUIpqF965oWSJr8foZEnrbubJG2GKXYrWn4g==",
      "dependencies": {
        "@reejs/imports": "*"
      }
    },
    "node_modules/@types/node": {
      "version": "20.14.10",
      "dev": true,
      "license": "MIT",
      "dependencies": {
        "undici-types": "~5.26.4"
      }
    },
    "node_modules/commander": {
      "version": "12.1.0",
      "license": "MIT",
      "engines": {
        "node": ">=18"
      }
    },
    "node_modules/esbuild": {
      "version": "0.21.5",
      "dev": true,
      "hasInstallScript": true,
      "license": "MIT",
      "bin": {
        "esbuild": "bin/esbuild"
      },
      "engines": {
        "node": ">=12"
      },
      "optionalDependencies": {
        "@esbuild/aix-ppc64": "0.21.5",
        "@esbuild/android-arm": "0.21.5",
        "@esbuild/android-arm64": "0.21.5",
        "@esbuild/android-x64": "0.21.5",
        "@esbuild/darwin-arm64": "0.21.5",
        "@esbuild/darwin-x64": "0.21.5",
        "@esbuild/freebsd-arm64": "0.21.5",
        "@esbuild/freebsd-x64": "0.21.5",
        "@esbuild/linux-arm": "0.21.5",
        "@esbuild/linux-arm64": "0.21.5",
        "@esbuild/linux-ia32": "0.21.5",
        "@esbuild/linux-loong64": "0.21.5",
        "@esbuild/linux-mips64el": "0.21.5",
        "@esbuild/linux-ppc64": "0.21.5",
        "@esbuild/linux-riscv64": "0.21.5",
        "@esbuild/linux-s390x": "0.21.5",
        "@esbuild/linux-x64": "0.21.5",
        "@esbuild/netbsd-x64": "0.21.5",
        "@esbuild/openbsd-x64": "0.21.5",
        "@esbuild/sunos-x64": "0.21.5",
        "@esbuild/win32-arm64": "0.21.5",
        "@esbuild/win32-ia32": "0.21.5",
        "@esbuild/win32-x64": "0.21.5"
      }
    },
    "node_modules/get-tsconfig": {
      "version": "4.7.5",
      "dev": true,
      "license": "MIT",
      "dependencies": {
        "resolve-pkg-maps": "^1.0.0"
      },
      "funding": {
        "url": "https://github.com/privatenumber/get-tsconfig?sponsor=1"
      }
    },
    "node_modules/nekos-moe": {
      "version": "0.6.2",
      "license": "ISC",
      "dependencies": {
        "commander": "^12.1.0"
      },
      "bin": {
        "nekos": "bin/cli.js"
      },
      "peerDependencies": {
        "typescript": "^5.5.3"
      }
    },
    "node_modules/pathe": {
      "version": "1.1.2",
      "license": "MIT"
    },
    "node_modules/reejs": {
      "version": "0.20.1",
      "license": "MIT",
      "dependencies": {
        "@reejs/imports": "2.12.1",
        "@reejs/server": "0.20.1",
        "@reejs/utils": "1.11.1",
        "pathe": "^1.1.1"
      },
      "bin": {
        "reejs": "src/cli/index.js"
      }
    },
    "node_modules/resolve-pkg-maps": {
      "version": "1.0.0",
      "dev": true,
      "license": "MIT",
      "funding": {
        "url": "https://github.com/privatenumber/resolve-pkg-maps?sponsor=1"
      }
    },
    "node_modules/tsx": {
      "version": "4.16.2",
      "dev": true,
      "license": "MIT",
      "dependencies": {
        "esbuild": "~0.21.5",
        "get-tsconfig": "^4.7.5"
      },
      "bin": {
        "tsx": "dist/cli.mjs"
      },
      "engines": {
        "node": ">=18.0.0"
      },
      "optionalDependencies": {
        "fsevents": "~2.3.3"
      }
    },
    "node_modules/typescript": {
      "version": "5.5.3",
      "license": "Apache-2.0",
      "bin": {
        "tsc": "bin/tsc",
        "tsserver": "bin/tsserver"
      },
      "engines": {
        "node": ">=14.17"
      }
    },
    "node_modules/undici-types": {
      "version": "5.26.5",
      "dev": true,
      "license": "MIT"
    }
  }
}
