{
  "name": "@om-test/pkg",
  "version": "0.0.3",
  "lockfileVersion": 3,
  "requires": true,
  "packages": {
    "": {
      "name": "@om-test/pkg",
      "version": "0.0.3",
      "dependencies": {
        "@reejs/imports": "^2.12.1",
        "nekos-moe": "^0.7.3",
        "reejs": "^0.20.1"
      },
      "devDependencies": {
        "@types/node": "^22.0.2",
        "parse-osr": "^0.1.2",
        "tsx": "^4.16.5",
        "typescript": "^5.5.4"
      }
    },
    "node_modules/@esbuild/win32-x64": {
      "version": "0.21.5",
      "resolved": "https://registry.npmjs.org/@esbuild/win32-x64/-/win32-x64-0.21.5.tgz",
      "integrity": "sha512-tQd/1efJuzPC6rCFwEvLtci/xNFcTZknmXs98FYDfGE4wP9ClFV98nyKrzJKVPMhdDnjzLhdUyMX4PsQAPjwIw==",
      "cpu": [
        "x64"
      ],
      "dev": true,
      "optional": true,
      "os": [
        "win32"
      ],
      "engines": {
        "node": ">=12"
      }
    },
    "node_modules/@reejs/imports": {
      "version": "2.12.1",
      "resolved": "https://registry.npmjs.org/@reejs/imports/-/imports-2.12.1.tgz",
      "integrity": "sha512-ZiPSkaHTkPzkciVKXo80K2ZXsp0Q0QHRs/fRMJiRO9baBvgrf+AijsUsVVgiVMLez6Z/u4jvqjg2QoLqDpbMYQ==",
      "dependencies": {
        "@reejs/utils": "latest"
      }
    },
    "node_modules/@reejs/server": {
      "version": "0.20.1",
      "resolved": "https://registry.npmjs.org/@reejs/server/-/server-0.20.1.tgz",
      "integrity": "sha512-mn1RSdF1Xrp0w6uwwNJfOSkh2CuJeNsu1iOnEthVJYa69UgOIgrFJUYixwQYCEyztn0Lf+t9aAqwbQTEPdvrrA=="
    },
    "node_modules/@reejs/utils": {
      "version": "1.11.1",
      "resolved": "https://registry.npmjs.org/@reejs/utils/-/utils-1.11.1.tgz",
      "integrity": "sha512-4QuF5wAPexq3DIaYG1zDNDXSuoflvSMOaRwRQZBYMaRnnoulzWuUIpqF965oWSJr8foZEnrbubJG2GKXYrWn4g==",
      "dependencies": {
        "@reejs/imports": "*"
      }
    },
    "node_modules/@types/node": {
      "version": "22.0.2",
      "resolved": "https://registry.npmjs.org/@types/node/-/node-22.0.2.tgz",
      "integrity": "sha512-yPL6DyFwY5PiMVEwymNeqUTKsDczQBJ/5T7W/46RwLU/VH+AA8aT5TZkvBviLKLbbm0hlfftEkGrNzfRk/fofQ==",
      "dev": true,
      "dependencies": {
        "undici-types": "~6.11.1"
      }
    },
    "node_modules/cac": {
      "version": "6.7.14",
      "resolved": "https://registry.npmjs.org/cac/-/cac-6.7.14.tgz",
      "integrity": "sha512-b6Ilus+c3RrdDk+JhLKUAQfzzgLEPy6wcXqS7f/xe1EETvsDP6GORG7SFuOs6cID5YkqchW/LXZbX5bc8j7ZcQ==",
      "engines": {
        "node": ">=8"
      }
    },
    "node_modules/esbuild": {
      "version": "0.21.5",
      "resolved": "https://registry.npmjs.org/esbuild/-/esbuild-0.21.5.tgz",
      "integrity": "sha512-mg3OPMV4hXywwpoDxu3Qda5xCKQi+vCTZq8S9J/EpkhB2HzKXq4SNFZE3+NK93JYxc8VMSep+lOUSC/RVKaBqw==",
      "dev": true,
      "hasInstallScript": true,
      "bin": {
        "esbuild": "bin/esbuild"
      },
      "engines": {
        "node": ">=12"
      },
      "optionalDependencies": {
        "@esbuild/aix-ppc64": "0.21.5",
        "@esbuild/android-arm": "0.21.5",
        "@esbuild/android-arm64": "0.21.5",
        "@esbuild/android-x64": "0.21.5",
        "@esbuild/darwin-arm64": "0.21.5",
        "@esbuild/darwin-x64": "0.21.5",
        "@esbuild/freebsd-arm64": "0.21.5",
        "@esbuild/freebsd-x64": "0.21.5",
        "@esbuild/linux-arm": "0.21.5",
        "@esbuild/linux-arm64": "0.21.5",
        "@esbuild/linux-ia32": "0.21.5",
        "@esbuild/linux-loong64": "0.21.5",
        "@esbuild/linux-mips64el": "0.21.5",
        "@esbuild/linux-ppc64": "0.21.5",
        "@esbuild/linux-riscv64": "0.21.5",
        "@esbuild/linux-s390x": "0.21.5",
        "@esbuild/linux-x64": "0.21.5",
        "@esbuild/netbsd-x64": "0.21.5",
        "@esbuild/openbsd-x64": "0.21.5",
        "@esbuild/sunos-x64": "0.21.5",
        "@esbuild/win32-arm64": "0.21.5",
        "@esbuild/win32-ia32": "0.21.5",
        "@esbuild/win32-x64": "0.21.5"
      }
    },
    "node_modules/get-tsconfig": {
      "version": "4.7.6",
      "resolved": "https://registry.npmjs.org/get-tsconfig/-/get-tsconfig-4.7.6.tgz",
      "integrity": "sha512-ZAqrLlu18NbDdRaHq+AKXzAmqIUPswPWKUchfytdAjiRFnCe5ojG2bstg6mRiZabkKfCoL/e98pbBELIV/YCeA==",
      "dev": true,
      "dependencies": {
        "resolve-pkg-maps": "^1.0.0"
      },
      "funding": {
        "url": "https://github.com/privatenumber/get-tsconfig?sponsor=1"
      }
    },
    "node_modules/leb": {
      "version": "1.0.0",
      "resolved": "https://registry.npmjs.org/leb/-/leb-1.0.0.tgz",
      "integrity": "sha512-Y3c3QZfvKWHX60BVOQPhLCvVGmDYWyJEiINE3drOog6KCyN2AOwvuQQzlS3uJg1J85kzpILXIUwRXULWavir+w==",
      "dev": true
    },
    "node_modules/lzma": {
      "version": "2.3.2",
      "resolved": "https://registry.npmjs.org/lzma/-/lzma-2.3.2.tgz",
      "integrity": "sha512-DcfiawQ1avYbW+hsILhF38IKAlnguc/fjHrychs9hdxe4qLykvhT5VTGNs5YRWgaNePh7NTxGD4uv4gKsRomCQ==",
      "dev": true,
      "bin": {
        "lzma.js": "bin/lzma.js"
      }
    },
    "node_modules/nekos-moe": {
      "version": "0.7.3",
      "resolved": "https://registry.npmjs.org/nekos-moe/-/nekos-moe-0.7.3.tgz",
      "integrity": "sha512-kauALKHDks+olOWZf5X1VjyfpQUjVWuNFtY3vKutbbAxNAgzXqGgy6Tqe3CPcPtiDLeh/G+sQo9Hv1kdULs3dA==",
      "dependencies": {
        "cac": "^6.7.14"
      },
      "bin": {
        "nekos": "bin/cli.js"
      }
    },
    "node_modules/parse-osr": {
      "version": "0.1.2",
      "resolved": "https://registry.npmjs.org/parse-osr/-/parse-osr-0.1.2.tgz",
      "integrity": "sha512-hceA0IM9NDuJIS/NhfGTlTOSsbP4BALJyTfLXlGeRFk9GY1bg1tK6LFl5E4bLg3JAVIyWIqJTb9Bt8gRXmRHLQ==",
      "dev": true,
      "dependencies": {
        "leb": "^1.0.0",
        "lzma": "^2.3.2"
      }
    },
    "node_modules/pathe": {
      "version": "1.1.2",
      "resolved": "https://registry.npmjs.org/pathe/-/pathe-1.1.2.tgz",
      "integrity": "sha512-whLdWMYL2TwI08hn8/ZqAbrVemu0LNaNNJZX73O6qaIdCTfXutsLhMkjdENX0qhsQ9uIimo4/aQOmXkoon2nDQ=="
    },
    "node_modules/reejs": {
      "version": "0.20.1",
      "resolved": "https://registry.npmjs.org/reejs/-/reejs-0.20.1.tgz",
      "integrity": "sha512-q7fChcg1Z9TIifkMM4M75Sa59acrmtZVdb5u3eVX1rBAVMSEs8WfJYRuEUpUsRC3sCDtWbE2wNHdBYAJ4tV1nA==",
      "dependencies": {
        "@reejs/imports": "2.12.1",
        "@reejs/server": "0.20.1",
        "@reejs/utils": "1.11.1",
        "pathe": "^1.1.1"
      },
      "bin": {
        "reejs": "src/cli/index.js"
      }
    },
    "node_modules/resolve-pkg-maps": {
      "version": "1.0.0",
      "resolved": "https://registry.npmjs.org/resolve-pkg-maps/-/resolve-pkg-maps-1.0.0.tgz",
      "integrity": "sha512-seS2Tj26TBVOC2NIc2rOe2y2ZO7efxITtLZcGSOnHHNOQ7CkiUBfw0Iw2ck6xkIhPwLhKNLS8BO+hEpngQlqzw==",
      "dev": true,
      "funding": {
        "url": "https://github.com/privatenumber/resolve-pkg-maps?sponsor=1"
      }
    },
    "node_modules/tsx": {
      "version": "4.16.5",
      "resolved": "https://registry.npmjs.org/tsx/-/tsx-4.16.5.tgz",
      "integrity": "sha512-ArsiAQHEW2iGaqZ8fTA1nX0a+lN5mNTyuGRRO6OW3H/Yno1y9/t1f9YOI1Cfoqz63VAthn++ZYcbDP7jPflc+A==",
      "dev": true,
      "dependencies": {
        "esbuild": "~0.21.5",
        "get-tsconfig": "^4.7.5"
      },
      "bin": {
        "tsx": "dist/cli.mjs"
      },
      "engines": {
        "node": ">=18.0.0"
      },
      "optionalDependencies": {
        "fsevents": "~2.3.3"
      }
    },
    "node_modules/typescript": {
      "version": "5.5.4",
      "resolved": "https://registry.npmjs.org/typescript/-/typescript-5.5.4.tgz",
      "integrity": "sha512-Mtq29sKDAEYP7aljRgtPOpTvOfbwRWlS6dPRzwjdE+C0R4brX/GUyhHSecbHMFLNBLcJIPt9nl9yG5TZ1weH+Q==",
      "dev": true,
      "bin": {
        "tsc": "bin/tsc",
        "tsserver": "bin/tsserver"
      },
      "engines": {
        "node": ">=14.17"
      }
    },
    "node_modules/undici-types": {
      "version": "6.11.1",
      "resolved": "https://registry.npmjs.org/undici-types/-/undici-types-6.11.1.tgz",
      "integrity": "sha512-mIDEX2ek50x0OlRgxryxsenE5XaQD4on5U2inY7RApK3SOJpofyw7uW2AyfMKkhAxXIceo2DeWGVGwyvng1GNQ==",
      "dev": true
    }
  }
}
